
Microsoft Visual Studio Solution File, Format Version 12.00
# Visual Studio Version 17
VisualStudioVersion = 17.9.34728.123
MinimumVisualStudioVersion = 10.0.40219.1
Project("{FAE04EC0-301F-11D3-BF4B-00C04F79EFBC}") = "Consola", "Consola\Consola.csproj", "{D07622D3-317E-4525-9738-103139C159E2}"
EndProject
Project("{FAE04EC0-301F-11D3-BF4B-00C04F79EFBC}") = "Biblioteca", "Biblioteca\Biblioteca.csproj", "{772C7191-E420-4D92-A869-67C5E76FDF8C}"
EndProject
Global
	GlobalSection(SolutionConfigurationPlatforms) = preSolution
		Debug|Any CPU = Debug|Any CPU
		Release|Any CPU = Release|Any CPU
	EndGlobalSection
	GlobalSection(ProjectConfigurationPlatforms) = postSolution
		{D07622D3-317E-4525-9738-103139C159E2}.Debug|Any CPU.ActiveCfg = Debug|Any CPU
		{D07622D3-317E-4525-9738-103139C159E2}.Debug|Any CPU.Build.0 = Debug|Any CPU
		{D07622D3-317E-4525-9738-103139C159E2}.Release|Any CPU.ActiveCfg = Release|Any CPU
		{D07622D3-317E-4525-9738-103139C159E2}.Release|Any CPU.Build.0 = Release|Any CPU
		{772C7191-E420-4D92-A869-67C5E76FDF8C}.Debug|Any CPU.ActiveCfg = Debug|Any CPU
		{772C7191-E420-4D92-A869-67C5E76FDF8C}.Debug|Any CPU.Build.0 = Debug|Any CPU
		{772C7191-E420-4D92-A869-67C5E76FDF8C}.Release|Any CPU.ActiveCfg = Release|Any CPU
		{772C7191-E420-4D92-A869-67C5E76FDF8C}.Release|Any CPU.Build.0 = Release|Any CPU
	EndGlobalSection
	GlobalSection(SolutionProperties) = preSolution
		HideSolutionNode = FALSE
	EndGlobalSection
	GlobalSection(ExtensibilityGlobals) = postSolution
		SolutionGuid = {B628D492-A1C0-46A3-BE32-5BE11279EA7C}
	EndGlobalSection
EndGlobal
