
Microsoft Visual Studio Solution File, Format Version 12.00
# Visual Studio Version 17
VisualStudioVersion = 17.9.34728.123
MinimumVisualStudioVersion = 10.0.40219.1
Project("{9A19103F-16F7-4668-BE54-9A1E7A4F7556}") = "Formulario", "Formulario\Formulario.csproj", "{98BA25D1-08C7-4498-903F-9AC8678EB09D}"
EndProject
Project("{9A19103F-16F7-4668-BE54-9A1E7A4F7556}") = "Entidades", "Entidades\Entidades.csproj", "{2CB5331A-1995-49E4-9694-201FB4C7F7BC}"
EndProject
Project("{FAE04EC0-301F-11D3-BF4B-00C04F79EFBC}") = "TestProject1", "TestProject1\TestProject1.csproj", "{45269F7D-F911-40B3-8EA0-06721DB16A17}"
EndProject
Global
	GlobalSection(SolutionConfigurationPlatforms) = preSolution
		Debug|Any CPU = Debug|Any CPU
		Release|Any CPU = Release|Any CPU
	EndGlobalSection
	GlobalSection(ProjectConfigurationPlatforms) = postSolution
		{98BA25D1-08C7-4498-903F-9AC8678EB09D}.Debug|Any CPU.ActiveCfg = Debug|Any CPU
		{98BA25D1-08C7-4498-903F-9AC8678EB09D}.Debug|Any CPU.Build.0 = Debug|Any CPU
		{98BA25D1-08C7-4498-903F-9AC8678EB09D}.Release|Any CPU.ActiveCfg = Release|Any CPU
		{98BA25D1-08C7-4498-903F-9AC8678EB09D}.Release|Any CPU.Build.0 = Release|Any CPU
		{2CB5331A-1995-49E4-9694-201FB4C7F7BC}.Debug|Any CPU.ActiveCfg = Debug|Any CPU
		{2CB5331A-1995-49E4-9694-201FB4C7F7BC}.Debug|Any CPU.Build.0 = Debug|Any CPU
		{2CB5331A-1995-49E4-9694-201FB4C7F7BC}.Release|Any CPU.ActiveCfg = Release|Any CPU
		{2CB5331A-1995-49E4-9694-201FB4C7F7BC}.Release|Any CPU.Build.0 = Release|Any CPU
		{45269F7D-F911-40B3-8EA0-06721DB16A17}.Debug|Any CPU.ActiveCfg = Debug|Any CPU
		{45269F7D-F911-40B3-8EA0-06721DB16A17}.Debug|Any CPU.Build.0 = Debug|Any CPU
		{45269F7D-F911-40B3-8EA0-06721DB16A17}.Release|Any CPU.ActiveCfg = Release|Any CPU
		{45269F7D-F911-40B3-8EA0-06721DB16A17}.Release|Any CPU.Build.0 = Release|Any CPU
	EndGlobalSection
	GlobalSection(SolutionProperties) = preSolution
		HideSolutionNode = FALSE
	EndGlobalSection
	GlobalSection(ExtensibilityGlobals) = postSolution
		SolutionGuid = {693DDC5C-ECF4-4A34-8F9D-75B8A704F8BB}
	EndGlobalSection
EndGlobal
