
Microsoft Visual Studio Solution File, Format Version 12.00
# Visual Studio Version 17
VisualStudioVersion = 17.8.34525.116
MinimumVisualStudioVersion = 10.0.40219.1
Project("{FAE04EC0-301F-11D3-BF4B-00C04F79EFBC}") = "EJ_10", "EJ_10\EJ_10.csproj", "{DFDE47FA-B3BE-4C34-AAD7-F70110941AF0}"
EndProject
Global
	GlobalSection(SolutionConfigurationPlatforms) = preSolution
		Debug|Any CPU = Debug|Any CPU
		Release|Any CPU = Release|Any CPU
	EndGlobalSection
	GlobalSection(ProjectConfigurationPlatforms) = postSolution
		{DFDE47FA-B3BE-4C34-AAD7-F70110941AF0}.Debug|Any CPU.ActiveCfg = Debug|Any CPU
		{DFDE47FA-B3BE-4C34-AAD7-F70110941AF0}.Debug|Any CPU.Build.0 = Debug|Any CPU
		{DFDE47FA-B3BE-4C34-AAD7-F70110941AF0}.Release|Any CPU.ActiveCfg = Release|Any CPU
		{DFDE47FA-B3BE-4C34-AAD7-F70110941AF0}.Release|Any CPU.Build.0 = Release|Any CPU
	EndGlobalSection
	GlobalSection(SolutionProperties) = preSolution
		HideSolutionNode = FALSE
	EndGlobalSection
	GlobalSection(ExtensibilityGlobals) = postSolution
		SolutionGuid = {C6C8DBA1-98DA-4D61-82DA-29E87D383683}
	EndGlobalSection
EndGlobal
