
Microsoft Visual Studio Solution File, Format Version 12.00
# Visual Studio Version 17
VisualStudioVersion = 17.9.34728.123
MinimumVisualStudioVersion = 10.0.40219.1
Project("{FAE04EC0-301F-11D3-BF4B-00C04F79EFBC}") = "Biblioteca", "Biblioteca\Biblioteca.csproj", "{94C7AA82-531C-48A3-AF06-CC2CA54234F8}"
EndProject
Global
	GlobalSection(SolutionConfigurationPlatforms) = preSolution
		Debug|Any CPU = Debug|Any CPU
		Release|Any CPU = Release|Any CPU
	EndGlobalSection
	GlobalSection(ProjectConfigurationPlatforms) = postSolution
		{94C7AA82-531C-48A3-AF06-CC2CA54234F8}.Debug|Any CPU.ActiveCfg = Debug|Any CPU
		{94C7AA82-531C-48A3-AF06-CC2CA54234F8}.Debug|Any CPU.Build.0 = Debug|Any CPU
		{94C7AA82-531C-48A3-AF06-CC2CA54234F8}.Release|Any CPU.ActiveCfg = Release|Any CPU
		{94C7AA82-531C-48A3-AF06-CC2CA54234F8}.Release|Any CPU.Build.0 = Release|Any CPU
	EndGlobalSection
	GlobalSection(SolutionProperties) = preSolution
		HideSolutionNode = FALSE
	EndGlobalSection
	GlobalSection(ExtensibilityGlobals) = postSolution
		SolutionGuid = {E9CED597-AEB0-4BB5-8800-D5B87FFA1146}
	EndGlobalSection
EndGlobal
