
Microsoft Visual Studio Solution File, Format Version 12.00
# Visual Studio Version 17
VisualStudioVersion = 17.9.34728.123
MinimumVisualStudioVersion = 10.0.40219.1
Project("{9A19103F-16F7-4668-BE54-9A1E7A4F7556}") = "Biblioteca", "Biblioteca\Biblioteca.csproj", "{910D1C40-E600-4235-AC9B-57073774B00E}"
EndProject
Project("{FAE04EC0-301F-11D3-BF4B-00C04F79EFBC}") = "ConsoleApp1", "ConsoleApp1\ConsoleApp1.csproj", "{232F22E5-315D-46D0-82A2-A3B26974BA2E}"
EndProject
Global
	GlobalSection(SolutionConfigurationPlatforms) = preSolution
		Debug|Any CPU = Debug|Any CPU
		Release|Any CPU = Release|Any CPU
	EndGlobalSection
	GlobalSection(ProjectConfigurationPlatforms) = postSolution
		{910D1C40-E600-4235-AC9B-57073774B00E}.Debug|Any CPU.ActiveCfg = Debug|Any CPU
		{910D1C40-E600-4235-AC9B-57073774B00E}.Debug|Any CPU.Build.0 = Debug|Any CPU
		{910D1C40-E600-4235-AC9B-57073774B00E}.Release|Any CPU.ActiveCfg = Release|Any CPU
		{910D1C40-E600-4235-AC9B-57073774B00E}.Release|Any CPU.Build.0 = Release|Any CPU
		{232F22E5-315D-46D0-82A2-A3B26974BA2E}.Debug|Any CPU.ActiveCfg = Debug|Any CPU
		{232F22E5-315D-46D0-82A2-A3B26974BA2E}.Debug|Any CPU.Build.0 = Debug|Any CPU
		{232F22E5-315D-46D0-82A2-A3B26974BA2E}.Release|Any CPU.ActiveCfg = Release|Any CPU
		{232F22E5-315D-46D0-82A2-A3B26974BA2E}.Release|Any CPU.Build.0 = Release|Any CPU
	EndGlobalSection
	GlobalSection(SolutionProperties) = preSolution
		HideSolutionNode = FALSE
	EndGlobalSection
	GlobalSection(ExtensibilityGlobals) = postSolution
		SolutionGuid = {2F48B197-9D7A-4CA5-A1FC-20CFFA5EE1FA}
	EndGlobalSection
EndGlobal
