
Microsoft Visual Studio Solution File, Format Version 12.00
# Visual Studio Version 17
VisualStudioVersion = 17.9.34728.123
MinimumVisualStudioVersion = 10.0.40219.1
Project("{9A19103F-16F7-4668-BE54-9A1E7A4F7556}") = "Biblioteca", "Biblioteca\Biblioteca.csproj", "{2E5C598B-375B-41FE-8545-F5F04423FC77}"
EndProject
Project("{FAE04EC0-301F-11D3-BF4B-00C04F79EFBC}") = "WinFormsApp1", "WinFormsApp1\WinFormsApp1.csproj", "{95D665CA-18B6-4A66-BAA4-AABCF7556B26}"
EndProject
Global
	GlobalSection(SolutionConfigurationPlatforms) = preSolution
		Debug|Any CPU = Debug|Any CPU
		Release|Any CPU = Release|Any CPU
	EndGlobalSection
	GlobalSection(ProjectConfigurationPlatforms) = postSolution
		{2E5C598B-375B-41FE-8545-F5F04423FC77}.Debug|Any CPU.ActiveCfg = Debug|Any CPU
		{2E5C598B-375B-41FE-8545-F5F04423FC77}.Debug|Any CPU.Build.0 = Debug|Any CPU
		{2E5C598B-375B-41FE-8545-F5F04423FC77}.Release|Any CPU.ActiveCfg = Release|Any CPU
		{2E5C598B-375B-41FE-8545-F5F04423FC77}.Release|Any CPU.Build.0 = Release|Any CPU
		{95D665CA-18B6-4A66-BAA4-AABCF7556B26}.Debug|Any CPU.ActiveCfg = Debug|Any CPU
		{95D665CA-18B6-4A66-BAA4-AABCF7556B26}.Debug|Any CPU.Build.0 = Debug|Any CPU
		{95D665CA-18B6-4A66-BAA4-AABCF7556B26}.Release|Any CPU.ActiveCfg = Release|Any CPU
		{95D665CA-18B6-4A66-BAA4-AABCF7556B26}.Release|Any CPU.Build.0 = Release|Any CPU
	EndGlobalSection
	GlobalSection(SolutionProperties) = preSolution
		HideSolutionNode = FALSE
	EndGlobalSection
	GlobalSection(ExtensibilityGlobals) = postSolution
		SolutionGuid = {DDE58037-21B9-4B5D-A593-827C7EBC7320}
	EndGlobalSection
EndGlobal
