
Microsoft Visual Studio Solution File, Format Version 12.00
# Visual Studio Version 17
VisualStudioVersion = 17.9.34728.123
MinimumVisualStudioVersion = 10.0.40219.1
Project("{FAE04EC0-301F-11D3-BF4B-00C04F79EFBC}") = "Biblioteca", "Biblioteca\Biblioteca.csproj", "{298FAB1F-BBA7-45F5-A934-4035EC169D98}"
EndProject
Project("{FAE04EC0-301F-11D3-BF4B-00C04F79EFBC}") = "Consola", "Consola\Consola.csproj", "{56C3A70C-66DC-419D-842C-C303E0EEE7B1}"
EndProject
Global
	GlobalSection(SolutionConfigurationPlatforms) = preSolution
		Debug|Any CPU = Debug|Any CPU
		Release|Any CPU = Release|Any CPU
	EndGlobalSection
	GlobalSection(ProjectConfigurationPlatforms) = postSolution
		{298FAB1F-BBA7-45F5-A934-4035EC169D98}.Debug|Any CPU.ActiveCfg = Debug|Any CPU
		{298FAB1F-BBA7-45F5-A934-4035EC169D98}.Debug|Any CPU.Build.0 = Debug|Any CPU
		{298FAB1F-BBA7-45F5-A934-4035EC169D98}.Release|Any CPU.ActiveCfg = Release|Any CPU
		{298FAB1F-BBA7-45F5-A934-4035EC169D98}.Release|Any CPU.Build.0 = Release|Any CPU
		{56C3A70C-66DC-419D-842C-C303E0EEE7B1}.Debug|Any CPU.ActiveCfg = Debug|Any CPU
		{56C3A70C-66DC-419D-842C-C303E0EEE7B1}.Debug|Any CPU.Build.0 = Debug|Any CPU
		{56C3A70C-66DC-419D-842C-C303E0EEE7B1}.Release|Any CPU.ActiveCfg = Release|Any CPU
		{56C3A70C-66DC-419D-842C-C303E0EEE7B1}.Release|Any CPU.Build.0 = Release|Any CPU
	EndGlobalSection
	GlobalSection(SolutionProperties) = preSolution
		HideSolutionNode = FALSE
	EndGlobalSection
	GlobalSection(ExtensibilityGlobals) = postSolution
		SolutionGuid = {F387E4F2-3AAB-4CB0-A177-2DC270E86E34}
	EndGlobalSection
EndGlobal
