
Microsoft Visual Studio Solution File, Format Version 12.00
# Visual Studio Version 17
VisualStudioVersion = 17.9.34728.123
MinimumVisualStudioVersion = 10.0.40219.1
Project("{FAE04EC0-301F-11D3-BF4B-00C04F79EFBC}") = "Biblioteca", "Biblioteca\Biblioteca.csproj", "{DB8AB1D9-8EF3-4833-B979-2962D4294C7C}"
EndProject
Project("{FAE04EC0-301F-11D3-BF4B-00C04F79EFBC}") = "Consola", "Consola\Consola.csproj", "{0A2BE6B8-4C65-4578-A52E-7B81640D8325}"
EndProject
Global
	GlobalSection(SolutionConfigurationPlatforms) = preSolution
		Debug|Any CPU = Debug|Any CPU
		Release|Any CPU = Release|Any CPU
	EndGlobalSection
	GlobalSection(ProjectConfigurationPlatforms) = postSolution
		{DB8AB1D9-8EF3-4833-B979-2962D4294C7C}.Debug|Any CPU.ActiveCfg = Debug|Any CPU
		{DB8AB1D9-8EF3-4833-B979-2962D4294C7C}.Debug|Any CPU.Build.0 = Debug|Any CPU
		{DB8AB1D9-8EF3-4833-B979-2962D4294C7C}.Release|Any CPU.ActiveCfg = Release|Any CPU
		{DB8AB1D9-8EF3-4833-B979-2962D4294C7C}.Release|Any CPU.Build.0 = Release|Any CPU
		{0A2BE6B8-4C65-4578-A52E-7B81640D8325}.Debug|Any CPU.ActiveCfg = Debug|Any CPU
		{0A2BE6B8-4C65-4578-A52E-7B81640D8325}.Debug|Any CPU.Build.0 = Debug|Any CPU
		{0A2BE6B8-4C65-4578-A52E-7B81640D8325}.Release|Any CPU.ActiveCfg = Release|Any CPU
		{0A2BE6B8-4C65-4578-A52E-7B81640D8325}.Release|Any CPU.Build.0 = Release|Any CPU
	EndGlobalSection
	GlobalSection(SolutionProperties) = preSolution
		HideSolutionNode = FALSE
	EndGlobalSection
	GlobalSection(ExtensibilityGlobals) = postSolution
		SolutionGuid = {AE4CEBEE-7B3A-4704-9250-9B3BB9DCD21C}
	EndGlobalSection
EndGlobal
