
Microsoft Visual Studio Solution File, Format Version 12.00
# Visual Studio Version 17
VisualStudioVersion = 17.8.34525.116
MinimumVisualStudioVersion = 10.0.40219.1
Project("{FAE04EC0-301F-11D3-BF4B-00C04F79EFBC}") = "Ejercicio I03 - El ejemplo universal", "Ejercicio I03 - El ejemplo universal\Ejercicio I03 - El ejemplo universal.csproj", "{C5B0AE0F-53CA-4848-A64F-09B6468541C9}"
EndProject
Project("{FAE04EC0-301F-11D3-BF4B-00C04F79EFBC}") = "Entidades", "Entidades\Entidades.csproj", "{BBBBE83C-07D6-4CBE-816C-8A87C2E3B661}"
EndProject
Global
	GlobalSection(SolutionConfigurationPlatforms) = preSolution
		Debug|Any CPU = Debug|Any CPU
		Release|Any CPU = Release|Any CPU
	EndGlobalSection
	GlobalSection(ProjectConfigurationPlatforms) = postSolution
		{C5B0AE0F-53CA-4848-A64F-09B6468541C9}.Debug|Any CPU.ActiveCfg = Debug|Any CPU
		{C5B0AE0F-53CA-4848-A64F-09B6468541C9}.Debug|Any CPU.Build.0 = Debug|Any CPU
		{C5B0AE0F-53CA-4848-A64F-09B6468541C9}.Release|Any CPU.ActiveCfg = Release|Any CPU
		{C5B0AE0F-53CA-4848-A64F-09B6468541C9}.Release|Any CPU.Build.0 = Release|Any CPU
		{BBBBE83C-07D6-4CBE-816C-8A87C2E3B661}.Debug|Any CPU.ActiveCfg = Debug|Any CPU
		{BBBBE83C-07D6-4CBE-816C-8A87C2E3B661}.Debug|Any CPU.Build.0 = Debug|Any CPU
		{BBBBE83C-07D6-4CBE-816C-8A87C2E3B661}.Release|Any CPU.ActiveCfg = Release|Any CPU
		{BBBBE83C-07D6-4CBE-816C-8A87C2E3B661}.Release|Any CPU.Build.0 = Release|Any CPU
	EndGlobalSection
	GlobalSection(SolutionProperties) = preSolution
		HideSolutionNode = FALSE
	EndGlobalSection
	GlobalSection(ExtensibilityGlobals) = postSolution
		SolutionGuid = {DFF8F662-EE0D-450F-B03F-7A822A3F5492}
	EndGlobalSection
EndGlobal
