
Microsoft Visual Studio Solution File, Format Version 12.00
# Visual Studio Version 17
VisualStudioVersion = 17.9.34728.123
MinimumVisualStudioVersion = 10.0.40219.1
Project("{FAE04EC0-301F-11D3-BF4B-00C04F79EFBC}") = "C02 - Enciendan sus motores", "C02 - Enciendan sus motores\C02 - Enciendan sus motores.csproj", "{F66A3AE8-9374-4E77-A8A8-57E1447C4567}"
EndProject
Project("{FAE04EC0-301F-11D3-BF4B-00C04F79EFBC}") = "Biblioteca", "Biblioteca\Biblioteca.csproj", "{42C0B920-2490-46ED-8752-3BCB33910A6F}"
EndProject
Global
	GlobalSection(SolutionConfigurationPlatforms) = preSolution
		Debug|Any CPU = Debug|Any CPU
		Release|Any CPU = Release|Any CPU
	EndGlobalSection
	GlobalSection(ProjectConfigurationPlatforms) = postSolution
		{F66A3AE8-9374-4E77-A8A8-57E1447C4567}.Debug|Any CPU.ActiveCfg = Debug|Any CPU
		{F66A3AE8-9374-4E77-A8A8-57E1447C4567}.Debug|Any CPU.Build.0 = Debug|Any CPU
		{F66A3AE8-9374-4E77-A8A8-57E1447C4567}.Release|Any CPU.ActiveCfg = Release|Any CPU
		{F66A3AE8-9374-4E77-A8A8-57E1447C4567}.Release|Any CPU.Build.0 = Release|Any CPU
		{42C0B920-2490-46ED-8752-3BCB33910A6F}.Debug|Any CPU.ActiveCfg = Debug|Any CPU
		{42C0B920-2490-46ED-8752-3BCB33910A6F}.Debug|Any CPU.Build.0 = Debug|Any CPU
		{42C0B920-2490-46ED-8752-3BCB33910A6F}.Release|Any CPU.ActiveCfg = Release|Any CPU
		{42C0B920-2490-46ED-8752-3BCB33910A6F}.Release|Any CPU.Build.0 = Release|Any CPU
	EndGlobalSection
	GlobalSection(SolutionProperties) = preSolution
		HideSolutionNode = FALSE
	EndGlobalSection
	GlobalSection(ExtensibilityGlobals) = postSolution
		SolutionGuid = {A4495165-EB17-47BB-B019-550F8DD6D2FE}
	EndGlobalSection
EndGlobal
