
Microsoft Visual Studio Solution File, Format Version 12.00
# Visual Studio Version 17
VisualStudioVersion = 17.9.34728.123
MinimumVisualStudioVersion = 10.0.40219.1
Project("{FAE04EC0-301F-11D3-BF4B-00C04F79EFBC}") = "Biblioteca", "Biblioteca\Biblioteca.csproj", "{062033F1-88C7-44F9-81BA-B12728276941}"
EndProject
Project("{FAE04EC0-301F-11D3-BF4B-00C04F79EFBC}") = "TestUnitario", "TestUnitario\TestUnitario.csproj", "{7DB6223A-34A0-4A62-9F21-DBF4A277C9D8}"
EndProject
Global
	GlobalSection(SolutionConfigurationPlatforms) = preSolution
		Debug|Any CPU = Debug|Any CPU
		Release|Any CPU = Release|Any CPU
	EndGlobalSection
	GlobalSection(ProjectConfigurationPlatforms) = postSolution
		{062033F1-88C7-44F9-81BA-B12728276941}.Debug|Any CPU.ActiveCfg = Debug|Any CPU
		{062033F1-88C7-44F9-81BA-B12728276941}.Debug|Any CPU.Build.0 = Debug|Any CPU
		{062033F1-88C7-44F9-81BA-B12728276941}.Release|Any CPU.ActiveCfg = Release|Any CPU
		{062033F1-88C7-44F9-81BA-B12728276941}.Release|Any CPU.Build.0 = Release|Any CPU
		{7DB6223A-34A0-4A62-9F21-DBF4A277C9D8}.Debug|Any CPU.ActiveCfg = Debug|Any CPU
		{7DB6223A-34A0-4A62-9F21-DBF4A277C9D8}.Debug|Any CPU.Build.0 = Debug|Any CPU
		{7DB6223A-34A0-4A62-9F21-DBF4A277C9D8}.Release|Any CPU.ActiveCfg = Release|Any CPU
		{7DB6223A-34A0-4A62-9F21-DBF4A277C9D8}.Release|Any CPU.Build.0 = Release|Any CPU
	EndGlobalSection
	GlobalSection(SolutionProperties) = preSolution
		HideSolutionNode = FALSE
	EndGlobalSection
	GlobalSection(ExtensibilityGlobals) = postSolution
		SolutionGuid = {D9A862C9-2125-4B21-A64D-6C10695709BE}
	EndGlobalSection
EndGlobal
